lockfileVersion: '6.0'

dependencies:
  '@jridgewell/source-map':
    specifier: ^0.3.3
    version: 0.3.3
  globrex:
    specifier: ^0.1.2
    version: 0.1.2
  magic-string:
    specifier: ^0.30.0
    version: 0.30.0
  tiny-glob:
    specifier: ^0.2.9
    version: 0.2.9
  typescript:
    specifier: ^5.0.4
    version: 5.0.4

devDependencies:
  '@types/globrex':
    specifier: ^0.1.2
    version: 0.1.2
  '@types/node':
    specifier: ^20.2.1
    version: 20.2.1
  prettier:
    specifier: ^2.8.8
    version: 2.8.8
  uvu:
    specifier: ^0.5.6
    version: 0.5.6

packages:

  /@jridgewell/gen-mapping@0.3.3:
    resolution: {integrity: sha512-HLhSWOLRi875zjjMG/r+Nv0oCW8umGb0BgEhyX3dDX3egwZtB8PqLnjz3yedt8R5StBrzcg4aBpnh8UA9D1BoQ==}
    engines: {node: '>=6.0.0'}
    dependencies:
      '@jridgewell/set-array': 1.1.2
      '@jridgewell/sourcemap-codec': 1.4.15
      '@jridgewell/trace-mapping': 0.3.18
    dev: false

  /@jridgewell/resolve-uri@3.1.0:
    resolution: {integrity: sha512-F2msla3tad+Mfht5cJq7LSXcdudKTWCVYUgw6pLFOOHSTtZlj6SWNYAp+AhuqLmWdBO2X5hPrLcu8cVP8fy28w==}
    engines: {node: '>=6.0.0'}
    dev: false

  /@jridgewell/set-array@1.1.2:
    resolution: {integrity: sha512-xnkseuNADM0gt2bs+BvhO0p78Mk762YnZdsuzFV018NoG1Sj1SCQvpSqa7XUaTam5vAGasABV9qXASMKnFMwMw==}
    engines: {node: '>=6.0.0'}
    dev: false

  /@jridgewell/source-map@0.3.3:
    resolution: {integrity: sha512-b+fsZXeLYi9fEULmfBrhxn4IrPlINf8fiNarzTof004v3lFdntdwa9PF7vFJqm3mg7s+ScJMxXaE3Acp1irZcg==}
    dependencies:
      '@jridgewell/gen-mapping': 0.3.3
      '@jridgewell/trace-mapping': 0.3.18
    dev: false

  /@jridgewell/sourcemap-codec@1.4.14:
    resolution: {integrity: sha512-XPSJHWmi394fuUuzDnGz1wiKqWfo1yXecHQMRf2l6hztTO+nPru658AyDngaBe7isIxEkRsPR3FZh+s7iVa4Uw==}
    dev: false

  /@jridgewell/sourcemap-codec@1.4.15:
    resolution: {integrity: sha512-eF2rxCRulEKXHTRiDrDy6erMYWqNw4LPdQ8UQA4huuxaQsVeRPFl2oM8oDGxMFhJUWZf9McpLtJasDDZb/Bpeg==}
    dev: false

  /@jridgewell/trace-mapping@0.3.18:
    resolution: {integrity: sha512-w+niJYzMHdd7USdiH2U6869nqhD2nbfZXND5Yp93qIbEmnDNk7PD48o+YchRVpzMU7M6jVCbenTR7PA1FLQ9pA==}
    dependencies:
      '@jridgewell/resolve-uri': 3.1.0
      '@jridgewell/sourcemap-codec': 1.4.14
    dev: false

  /@types/globrex@0.1.2:
    resolution: {integrity: sha512-W+8iW69LnEae5H09PxjpmI3CdJyKUTBAoDyqWx6T5ewhX5unBHYYQsGYXlXQP8l3HE/Y71vswPAvxkJC92FQhQ==}
    dev: true

  /@types/node@20.2.1:
    resolution: {integrity: sha512-DqJociPbZP1lbZ5SQPk4oag6W7AyaGMO6gSfRwq3PWl4PXTwJpRQJhDq4W0kzrg3w6tJ1SwlvGZ5uKFHY13LIg==}
    dev: true

  /dequal@2.0.3:
    resolution: {integrity: sha512-0je+qPKHEMohvfRTCEo3CrPG6cAzAYgmzKyxRiYSSDkS6eGJdyVJm7WaYA5ECaAD9wLB2T4EEeymA5aFVcYXCA==}
    engines: {node: '>=6'}
    dev: true

  /diff@5.1.0:
    resolution: {integrity: sha512-D+mk+qE8VC/PAUrlAU34N+VfXev0ghe5ywmpqrawphmVZc1bEfn56uo9qpyGp1p4xpzOHkSW4ztBd6L7Xx4ACw==}
    engines: {node: '>=0.3.1'}
    dev: true

  /globalyzer@0.1.0:
    resolution: {integrity: sha512-40oNTM9UfG6aBmuKxk/giHn5nQ8RVz/SS4Ir6zgzOv9/qC3kKZ9v4etGTcJbEl/NyVQH7FGU7d+X1egr57Md2Q==}
    dev: false

  /globrex@0.1.2:
    resolution: {integrity: sha512-uHJgbwAMwNFf5mLst7IWLNg14x1CkeqglJb/K3doi4dw6q2IvAAmM/Y81kevy83wP+Sst+nutFTYOGg3d1lsxg==}
    dev: false

  /kleur@4.1.5:
    resolution: {integrity: sha512-o+NO+8WrRiQEE4/7nwRJhN1HWpVmJm511pBHUxPLtp0BUISzlBplORYSmTclCnJvQq2tKu/sgl3xVpkc7ZWuQQ==}
    engines: {node: '>=6'}
    dev: true

  /magic-string@0.30.0:
    resolution: {integrity: sha512-LA+31JYDJLs82r2ScLrlz1GjSgu66ZV518eyWT+S8VhyQn/JL0u9MeBOvQMGYiPk1DBiSN9DDMOcXvigJZaViQ==}
    engines: {node: '>=12'}
    dependencies:
      '@jridgewell/sourcemap-codec': 1.4.15
    dev: false

  /mri@1.2.0:
    resolution: {integrity: sha512-tzzskb3bG8LvYGFF/mDTpq3jpI6Q9wc3LEmBaghu+DdCssd1FakN7Bc0hVNmEyGq1bq3RgfkCb3cmQLpNPOroA==}
    engines: {node: '>=4'}
    dev: true

  /prettier@2.8.8:
    resolution: {integrity: sha512-tdN8qQGvNjw4CHbY+XXk0JgCXn9QiF21a55rBe5LJAU+kDyC4WQn4+awm2Xfk2lQMk5fKup9XgzTZtGkjBdP9Q==}
    engines: {node: '>=10.13.0'}
    hasBin: true
    dev: true

  /sade@1.8.1:
    resolution: {integrity: sha512-xal3CZX1Xlo/k4ApwCFrHVACi9fBqJ7V+mwhBsuf/1IOKbBy098Fex+Wa/5QMubw09pSZ/u8EY8PWgevJsXp1A==}
    engines: {node: '>=6'}
    dependencies:
      mri: 1.2.0
    dev: true

  /tiny-glob@0.2.9:
    resolution: {integrity: sha512-g/55ssRPUjShh+xkfx9UPDXqhckHEsHr4Vd9zX55oSdGZc/MD0m3sferOkwWtp98bv+kcVfEHtRJgBVJzelrzg==}
    dependencies:
      globalyzer: 0.1.0
      globrex: 0.1.2
    dev: false

  /typescript@5.0.4:
    resolution: {integrity: sha512-cW9T5W9xY37cc+jfEnaUvX91foxtHkza3Nw3wkoF4sSlKn0MONdkdEndig/qPBWXNkmplh3NzayQzCiHM4/hqw==}
    engines: {node: '>=12.20'}
    hasBin: true
    dev: false

  /uvu@0.5.6:
    resolution: {integrity: sha512-+g8ENReyr8YsOc6fv/NVJs2vFdHBnBNdfE49rshrTzDWOlUx4Gq7KOS2GD8eqhy2j+Ejq29+SbKH8yjkAqXqoA==}
    engines: {node: '>=8'}
    hasBin: true
    dependencies:
      dequal: 2.0.3
      diff: 5.1.0
      kleur: 4.1.5
      sade: 1.8.1
    dev: true
